hash: e50b4f41db9304f7dcf8e7848ca52a13d412d99f29e5db7effa6ad93d660024e
updated: 2017-04-06T17:17:45.030596245-05:00
imports:
- name: github.com/hashicorp/consul
  version: 8471360c9edbb66215cf5dd10ab8d333ea937766
  subpackages:
  - api
- name: github.com/hashicorp/errwrap
  version: 7554cd9344cec97297fa6649b055a8c98c2a1e55
- name: github.com/hashicorp/go-cleanhttp
  version: ad28ea4487f05916463e2423a55166280e8254b5
- name: github.com/hashicorp/go-multierror
  version: 8484912a3b9987857bac52e0c5fec2b95f419628
- name: github.com/hashicorp/hcl
  version: 7cb7455c285ca3bf3362aa4ba6a06a6d6f5c3ba0
  subpackages:
  - hcl/ast
  - hcl/parser
  - hcl/scanner
  - hcl/strconv
  - hcl/token
  - json/parser
  - json/scanner
  - json/token
- name: github.com/hashicorp/serf
  version: f679d7594a349263f6118db40d87122d3a474e7d
  subpackages:
  - coordinate
- name: github.com/inconshreveable/mousetrap
  version: 76626ae9c91c4f2a10f34cad8ce83ea42c93bb75
- name: github.com/spf13/cobra
  version: 9495bc009a56819bdb0ddbc1a373e29c140bc674
- name: github.com/spf13/pflag
  version: 5ccb023bc27df288a957c5e994cd44fd19619465
- name: github.com/stretchr/testify
  version: 4d4bfba8f1d1027c4fdbe371823030df51419987
  subpackages:
  - assert
testImports:
- name: github.com/davecgh/go-spew
  version: 04cdfd42973bb9c8589fd6a731800cf222fde1a9
  subpackages:
  - spew
- name: github.com/pmezard/go-difflib
  version: d8ed2627bdf02c080bf22230dbb337003b7aba2d
  subpackages:
  - difflib
